
Microsoft Visual Studio Solution File, Format Version 12.00
# Visual Studio Version 17
VisualStudioVersion = 17.8.34525.116
MinimumVisualStudioVersion = 10.0.40219.1
Project("{FAE04EC0-301F-11D3-BF4B-00C04F79EFBC}") = "BL", "BL\BL.csproj", "{15D45C82-CAE0-4E3F-822D-47F5BDED93AC}"
EndProject
Project("{FAE04EC0-301F-11D3-BF4B-00C04F79EFBC}") = "DL", "DL\DL.csproj", "{F22721F9-7813-459D-B098-F1B8EA892D43}"
EndProject
Project("{FAE04EC0-301F-11D3-BF4B-00C04F79EFBC}") = "ML", "ML\ML.csproj", "{1B77F972-C25D-4885-87F5-899AEB2CB344}"
EndProject
Project("{FAE04EC0-301F-11D3-BF4B-00C04F79EFBC}") = "PL", "PL\PL.csproj", "{2AA0B2A3-3AE0-45BE-B59D-E12F54D13155}"
EndProject
Project("{FAE04EC0-301F-11D3-BF4B-00C04F79EFBC}") = "PL_MVC", "PL_MVC\PL_MVC.csproj", "{425C67C0-B6B9-4B83-8BB1-6F5015003B60}"
	ProjectSection(ProjectDependencies) = postProject
		{177DB8EF-2C39-4001-9817-BA87924DD66A} = {177DB8EF-2C39-4001-9817-BA87924DD66A}
	EndProjectSection
EndProject
Project("{FAE04EC0-301F-11D3-BF4B-00C04F79EFBC}") = "DL_EF", "DL_EF\DL_EF.csproj", "{1E85F7AA-68FC-4328-995B-3CD824FDA720}"
EndProject
Project("{FAE04EC0-301F-11D3-BF4B-00C04F79EFBC}") = "SL_WCF", "SL_WCF\SL_WCF.csproj", "{177DB8EF-2C39-4001-9817-BA87924DD66A}"
EndProject
Project("{FAE04EC0-301F-11D3-BF4B-00C04F79EFBC}") = "SL_WebApi", "SL_WebApi\SL_WebApi.csproj", "{EB8BB16E-A620-49AB-A796-1BACDC261B36}"
EndProject
Global
	GlobalSection(SolutionConfigurationPlatforms) = preSolution
		Debug|Any CPU = Debug|Any CPU
		Release|Any CPU = Release|Any CPU
	EndGlobalSection
	GlobalSection(ProjectConfigurationPlatforms) = postSolution
		{15D45C82-CAE0-4E3F-822D-47F5BDED93AC}.Debug|Any CPU.ActiveCfg = Debug|Any CPU
		{15D45C82-CAE0-4E3F-822D-47F5BDED93AC}.Debug|Any CPU.Build.0 = Debug|Any CPU
		{15D45C82-CAE0-4E3F-822D-47F5BDED93AC}.Release|Any CPU.ActiveCfg = Release|Any CPU
		{15D45C82-CAE0-4E3F-822D-47F5BDED93AC}.Release|Any CPU.Build.0 = Release|Any CPU
		{F22721F9-7813-459D-B098-F1B8EA892D43}.Debug|Any CPU.ActiveCfg = Debug|Any CPU
		{F22721F9-7813-459D-B098-F1B8EA892D43}.Debug|Any CPU.Build.0 = Debug|Any CPU
		{F22721F9-7813-459D-B098-F1B8EA892D43}.Release|Any CPU.ActiveCfg = Release|Any CPU
		{F22721F9-7813-459D-B098-F1B8EA892D43}.Release|Any CPU.Build.0 = Release|Any CPU
		{1B77F972-C25D-4885-87F5-899AEB2CB344}.Debug|Any CPU.ActiveCfg = Debug|Any CPU
		{1B77F972-C25D-4885-87F5-899AEB2CB344}.Debug|Any CPU.Build.0 = Debug|Any CPU
		{1B77F972-C25D-4885-87F5-899AEB2CB344}.Release|Any CPU.ActiveCfg = Release|Any CPU
		{1B77F972-C25D-4885-87F5-899AEB2CB344}.Release|Any CPU.Build.0 = Release|Any CPU
		{2AA0B2A3-3AE0-45BE-B59D-E12F54D13155}.Debug|Any CPU.ActiveCfg = Debug|Any CPU
		{2AA0B2A3-3AE0-45BE-B59D-E12F54D13155}.Debug|Any CPU.Build.0 = Debug|Any CPU
		{2AA0B2A3-3AE0-45BE-B59D-E12F54D13155}.Release|Any CPU.ActiveCfg = Release|Any CPU
		{2AA0B2A3-3AE0-45BE-B59D-E12F54D13155}.Release|Any CPU.Build.0 = Release|Any CPU
		{425C67C0-B6B9-4B83-8BB1-6F5015003B60}.Debug|Any CPU.ActiveCfg = Debug|Any CPU
		{425C67C0-B6B9-4B83-8BB1-6F5015003B60}.Debug|Any CPU.Build.0 = Debug|Any CPU
		{425C67C0-B6B9-4B83-8BB1-6F5015003B60}.Release|Any CPU.ActiveCfg = Release|Any CPU
		{425C67C0-B6B9-4B83-8BB1-6F5015003B60}.Release|Any CPU.Build.0 = Release|Any CPU
		{1E85F7AA-68FC-4328-995B-3CD824FDA720}.Debug|Any CPU.ActiveCfg = Debug|Any CPU
		{1E85F7AA-68FC-4328-995B-3CD824FDA720}.Debug|Any CPU.Build.0 = Debug|Any CPU
		{1E85F7AA-68FC-4328-995B-3CD824FDA720}.Release|Any CPU.ActiveCfg = Release|Any CPU
		{1E85F7AA-68FC-4328-995B-3CD824FDA720}.Release|Any CPU.Build.0 = Release|Any CPU
		{177DB8EF-2C39-4001-9817-BA87924DD66A}.Debug|Any CPU.ActiveCfg = Debug|Any CPU
		{177DB8EF-2C39-4001-9817-BA87924DD66A}.Debug|Any CPU.Build.0 = Debug|Any CPU
		{177DB8EF-2C39-4001-9817-BA87924DD66A}.Release|Any CPU.ActiveCfg = Release|Any CPU
		{177DB8EF-2C39-4001-9817-BA87924DD66A}.Release|Any CPU.Build.0 = Release|Any CPU
		{EB8BB16E-A620-49AB-A796-1BACDC261B36}.Debug|Any CPU.ActiveCfg = Debug|Any CPU
		{EB8BB16E-A620-49AB-A796-1BACDC261B36}.Debug|Any CPU.Build.0 = Debug|Any CPU
		{EB8BB16E-A620-49AB-A796-1BACDC261B36}.Release|Any CPU.ActiveCfg = Release|Any CPU
		{EB8BB16E-A620-49AB-A796-1BACDC261B36}.Release|Any CPU.Build.0 = Release|Any CPU
	EndGlobalSection
	GlobalSection(SolutionProperties) = preSolution
		HideSolutionNode = FALSE
	EndGlobalSection
	GlobalSection(ExtensibilityGlobals) = postSolution
		SolutionGuid = {B0784BB5-F415-4515-87DB-FFB50020B8C7}
	EndGlobalSection
EndGlobal
